
Microsoft Visual Studio Solution File, Format Version 12.00
# Visual Studio 15
VisualStudioVersion = 15.0.27130.2027
MinimumVisualStudioVersion = 10.0.40219.1
Project("{FAE04EC0-301F-11D3-BF4B-00C04F79EFBC}") = "ChartSmart", "ChartSmart\ChartSmart.csproj", "{91E3A92B-C67E-4ADA-974C-1FEA9F0D89C4}"
EndProject
Project("{FAE04EC0-301F-11D3-BF4B-00C04F79EFBC}") = "ChartSmartTest", "ChartSmartTest\ChartSmartTest.csproj", "{1AD8B184-3817-4801-BA20-94B679E7FEAD}"
EndProject
Global
	GlobalSection(SolutionConfigurationPlatforms) = preSolution
		Debug|Any CPU = Debug|Any CPU
		Release|Any CPU = Release|Any CPU
	EndGlobalSection
	GlobalSection(ProjectConfigurationPlatforms) = postSolution
		{91E3A92B-C67E-4ADA-974C-1FEA9F0D89C4}.Debug|Any CPU.ActiveCfg = Debug|Any CPU
		{91E3A92B-C67E-4ADA-974C-1FEA9F0D89C4}.Debug|Any CPU.Build.0 = Debug|Any CPU
		{91E3A92B-C67E-4ADA-974C-1FEA9F0D89C4}.Release|Any CPU.ActiveCfg = Release|Any CPU
		{91E3A92B-C67E-4ADA-974C-1FEA9F0D89C4}.Release|Any CPU.Build.0 = Release|Any CPU
		{1AD8B184-3817-4801-BA20-94B679E7FEAD}.Debug|Any CPU.ActiveCfg = Debug|Any CPU
		{1AD8B184-3817-4801-BA20-94B679E7FEAD}.Debug|Any CPU.Build.0 = Debug|Any CPU
		{1AD8B184-3817-4801-BA20-94B679E7FEAD}.Release|Any CPU.ActiveCfg = Release|Any CPU
		{1AD8B184-3817-4801-BA20-94B679E7FEAD}.Release|Any CPU.Build.0 = Release|Any CPU
	EndGlobalSection
	GlobalSection(SolutionProperties) = preSolution
		HideSolutionNode = FALSE
	EndGlobalSection
	GlobalSection(ExtensibilityGlobals) = postSolution
		SolutionGuid = {B2F1F2FE-47DF-4512-A679-DA22596EC194}
	EndGlobalSection
EndGlobal
